// !$*UTF8*$!
{
	archiveVersion = 1;
	classes = {
	};
	objectVersion = 55;
	objects = {

/* Begin PBXBuildFile section */
		494FD5C0281D588D00D52BA7 /* CocktailsListView.swift in Sources */ = {isa = PBXBuildFile; fileRef = 494FD5BF281D588D00D52BA7 /* CocktailsListView.swift */; };
		494FD5C3281D58CF00D52BA7 /* Cocktail.swift in Sources */ = {isa = PBXBuildFile; fileRef = 494FD5C2281D58CF00D52BA7 /* Cocktail.swift */; };
		494FD5C6281D594A00D52BA7 /* CocktailsGroupMocker.swift in Sources */ = {isa = PBXBuildFile; fileRef = 494FD5C5281D594A00D52BA7 /* CocktailsGroupMocker.swift */; };
		494FD5C9281D637200D52BA7 /* UIView + extensions.swift in Sources */ = {isa = PBXBuildFile; fileRef = 494FD5C8281D637200D52BA7 /* UIView + extensions.swift */; };
		494FD5CC281D69A400D52BA7 /* CocktailsListViewCell.swift in Sources */ = {isa = PBXBuildFile; fileRef = 494FD5CB281D69A400D52BA7 /* CocktailsListViewCell.swift */; };
		494FD5CF281D869600D52BA7 /* R.generated.swift in Sources */ = {isa = PBXBuildFile; fileRef = 494FD5CE281D869600D52BA7 /* R.generated.swift */; };
		4986E585281E9B49002D9550 /* CocktailCategoriesMocker.swift in Sources */ = {isa = PBXBuildFile; fileRef = 4986E584281E9B49002D9550 /* CocktailCategoriesMocker.swift */; };
		4986E589281FEC55002D9550 /* CategoriesFiltersFabric.swift in Sources */ = {isa = PBXBuildFile; fileRef = 4986E588281FEC55002D9550 /* CategoriesFiltersFabric.swift */; };
		4986E58B281FF25E002D9550 /* CategoriesFiltersRouter.swift in Sources */ = {isa = PBXBuildFile; fileRef = 4986E58A281FF25E002D9550 /* CategoriesFiltersRouter.swift */; };
		4986E58D281FF26C002D9550 /* CategoriesFiltersInteractor.swift in Sources */ = {isa = PBXBuildFile; fileRef = 4986E58C281FF26C002D9550 /* CategoriesFiltersInteractor.swift */; };
		4986E58F281FF276002D9550 /* CategoriesFiltersPresenter.swift in Sources */ = {isa = PBXBuildFile; fileRef = 4986E58E281FF276002D9550 /* CategoriesFiltersPresenter.swift */; };
		4986E591281FF282002D9550 /* CategoriesFiltersViewController.swift in Sources */ = {isa = PBXBuildFile; fileRef = 4986E590281FF282002D9550 /* CategoriesFiltersViewController.swift */; };
		4986E593281FF294002D9550 /* CategoriesFiltersView.swift in Sources */ = {isa = PBXBuildFile; fileRef = 4986E592281FF294002D9550 /* CategoriesFiltersView.swift */; };
		49A766852819856A00186709 /* AppDelegate.swift in Sources */ = {isa = PBXBuildFile; fileRef = 49A766842819856A00186709 /* AppDelegate.swift */; };
		49A766872819856A00186709 /* SceneDelegate.swift in Sources */ = {isa = PBXBuildFile; fileRef = 49A766862819856A00186709 /* SceneDelegate.swift */; };
		49A7668E2819856C00186709 /* Assets.xcassets in Resources */ = {isa = PBXBuildFile; fileRef = 49A7668D2819856C00186709 /* Assets.xcassets */; };
		49A766912819856C00186709 /* LaunchScreen.storyboard in Resources */ = {isa = PBXBuildFile; fileRef = 49A7668F2819856C00186709 /* LaunchScreen.storyboard */; };
		49A766A42819907300186709 /* CocktailsListRouter.swift in Sources */ = {isa = PBXBuildFile; fileRef = 49A766A32819907300186709 /* CocktailsListRouter.swift */; };
		49A766A62819922600186709 /* CocktailsListViewController.swift in Sources */ = {isa = PBXBuildFile; fileRef = 49A766A52819922600186709 /* CocktailsListViewController.swift */; };
		49A766A8281993B400186709 /* CocktailsListFabric.swift in Sources */ = {isa = PBXBuildFile; fileRef = 49A766A7281993B400186709 /* CocktailsListFabric.swift */; };
		49A766AA2819958600186709 /* CocktailsListPresenter.swift in Sources */ = {isa = PBXBuildFile; fileRef = 49A766A92819958600186709 /* CocktailsListPresenter.swift */; };
		49A766AC2819BCD700186709 /* CocktailsListInteractor.swift in Sources */ = {isa = PBXBuildFile; fileRef = 49A766AB2819BCD700186709 /* CocktailsListInteractor.swift */; };
		6EC83C61975009BC5133C589 /* Pods_Cocktails.framework in Frameworks */ = {isa = PBXBuildFile; fileRef = 81B922DB56FE2F747E58B7AC /* Pods_Cocktails.framework */; };
/* End PBXBuildFile section */

/* Begin PBXFileReference section */
		494FD5BF281D588D00D52BA7 /* CocktailsListView.swift */ = {isa = PBXFileReference; lastKnownFileType = sourcecode.swift; path = CocktailsListView.swift; sourceTree = "<group>"; };
		494FD5C2281D58CF00D52BA7 /* Cocktail.swift */ = {isa = PBXFileReference; lastKnownFileType = sourcecode.swift; path = Cocktail.swift; sourceTree = "<group>"; };
		494FD5C5281D594A00D52BA7 /* CocktailsGroupMocker.swift */ = {isa = PBXFileReference; lastKnownFileType = sourcecode.swift; path = CocktailsGroupMocker.swift; sourceTree = "<group>"; };
		494FD5C8281D637200D52BA7 /* UIView + extensions.swift */ = {isa = PBXFileReference; lastKnownFileType = sourcecode.swift; path = "UIView + extensions.swift"; sourceTree = "<group>"; };
		494FD5CB281D69A400D52BA7 /* CocktailsListViewCell.swift */ = {isa = PBXFileReference; lastKnownFileType = sourcecode.swift; path = CocktailsListViewCell.swift; sourceTree = "<group>"; };
		494FD5CE281D869600D52BA7 /* R.generated.swift */ = {isa = PBXFileReference; fileEncoding = 4; lastKnownFileType = sourcecode.swift; path = R.generated.swift; sourceTree = "<group>"; };
		4986E584281E9B49002D9550 /* CocktailCategoriesMocker.swift */ = {isa = PBXFileReference; lastKnownFileType = sourcecode.swift; path = CocktailCategoriesMocker.swift; sourceTree = "<group>"; };
		4986E588281FEC55002D9550 /* CategoriesFiltersFabric.swift */ = {isa = PBXFileReference; lastKnownFileType = sourcecode.swift; path = CategoriesFiltersFabric.swift; sourceTree = "<group>"; };
		4986E58A281FF25E002D9550 /* CategoriesFiltersRouter.swift */ = {isa = PBXFileReference; lastKnownFileType = sourcecode.swift; path = CategoriesFiltersRouter.swift; sourceTree = "<group>"; };
		4986E58C281FF26C002D9550 /* CategoriesFiltersInteractor.swift */ = {isa = PBXFileReference; lastKnownFileType = sourcecode.swift; path = CategoriesFiltersInteractor.swift; sourceTree = "<group>"; };
		4986E58E281FF276002D9550 /* CategoriesFiltersPresenter.swift */ = {isa = PBXFileReference; lastKnownFileType = sourcecode.swift; path = CategoriesFiltersPresenter.swift; sourceTree = "<group>"; };
		4986E590281FF282002D9550 /* CategoriesFiltersViewController.swift */ = {isa = PBXFileReference; lastKnownFileType = sourcecode.swift; path = CategoriesFiltersViewController.swift; sourceTree = "<group>"; };
		4986E592281FF294002D9550 /* CategoriesFiltersView.swift */ = {isa = PBXFileReference; lastKnownFileType = sourcecode.swift; path = CategoriesFiltersView.swift; sourceTree = "<group>"; };
		49A766812819856A00186709 /* Cocktails.app */ = {isa = PBXFileReference; explicitFileType = wrapper.application; includeInIndex = 0; path = Cocktails.app; sourceTree = BUILT_PRODUCTS_DIR; };
		49A766842819856A00186709 /* AppDelegate.swift */ = {isa = PBXFileReference; lastKnownFileType = sourcecode.swift; path = AppDelegate.swift; sourceTree = "<group>"; };
		49A766862819856A00186709 /* SceneDelegate.swift */ = {isa = PBXFileReference; lastKnownFileType = sourcecode.swift; path = SceneDelegate.swift; sourceTree = "<group>"; };
		49A7668D2819856C00186709 /* Assets.xcassets */ = {isa = PBXFileReference; lastKnownFileType = folder.assetcatalog; path = Assets.xcassets; sourceTree = "<group>"; };
		49A766902819856C00186709 /* Base */ = {isa = PBXFileReference; lastKnownFileType = file.storyboard; name = Base; path = Base.lproj/LaunchScreen.storyboard; sourceTree = "<group>"; };
		49A766922819856C00186709 /* Info.plist */ = {isa = PBXFileReference; lastKnownFileType = text.plist.xml; path = Info.plist; sourceTree = "<group>"; };
		49A766A32819907300186709 /* CocktailsListRouter.swift */ = {isa = PBXFileReference; lastKnownFileType = sourcecode.swift; path = CocktailsListRouter.swift; sourceTree = "<group>"; };
		49A766A52819922600186709 /* CocktailsListViewController.swift */ = {isa = PBXFileReference; lastKnownFileType = sourcecode.swift; path = CocktailsListViewController.swift; sourceTree = "<group>"; };
		49A766A7281993B400186709 /* CocktailsListFabric.swift */ = {isa = PBXFileReference; lastKnownFileType = sourcecode.swift; path = CocktailsListFabric.swift; sourceTree = "<group>"; };
		49A766A92819958600186709 /* CocktailsListPresenter.swift */ = {isa = PBXFileReference; lastKnownFileType = sourcecode.swift; path = CocktailsListPresenter.swift; sourceTree = "<group>"; };
		49A766AB2819BCD700186709 /* CocktailsListInteractor.swift */ = {isa = PBXFileReference; lastKnownFileType = sourcecode.swift; path = CocktailsListInteractor.swift; sourceTree = "<group>"; };
		70825BC88B74A9B9D291ABD5 /* Pods-Cocktails.debug.xcconfig */ = {isa = PBXFileReference; includeInIndex = 1; lastKnownFileType = text.xcconfig; name = "Pods-Cocktails.debug.xcconfig"; path = "Target Support Files/Pods-Cocktails/Pods-Cocktails.debug.xcconfig"; sourceTree = "<group>"; };
		81B922DB56FE2F747E58B7AC /* Pods_Cocktails.framework */ = {isa = PBXFileReference; explicitFileType = wrapper.framework; includeInIndex = 0; path = Pods_Cocktails.framework; sourceTree = BUILT_PRODUCTS_DIR; };
		D9558695656BB46A47C69FAE /* Pods-Cocktails.release.xcconfig */ = {isa = PBXFileReference; includeInIndex = 1; lastKnownFileType = text.xcconfig; name = "Pods-Cocktails.release.xcconfig"; path = "Target Support Files/Pods-Cocktails/Pods-Cocktails.release.xcconfig"; sourceTree = "<group>"; };
/* End PBXFileReference section */

/* Begin PBXFrameworksBuildPhase section */
		49A7667E2819856A00186709 /* Frameworks */ = {
			isa = PBXFrameworksBuildPhase;
			buildActionMask = 2147483647;
			files = (
				6EC83C61975009BC5133C589 /* Pods_Cocktails.framework in Frameworks */,
			);
			runOnlyForDeploymentPostprocessing = 0;
		};
/* End PBXFrameworksBuildPhase section */

/* Begin PBXGroup section */
		165F0C3C074F44F504AB3917 /* Pods */ = {
			isa = PBXGroup;
			children = (
				70825BC88B74A9B9D291ABD5 /* Pods-Cocktails.debug.xcconfig */,
				D9558695656BB46A47C69FAE /* Pods-Cocktails.release.xcconfig */,
			);
			path = Pods;
			sourceTree = "<group>";
		};
		494FD5C1281D58B100D52BA7 /* Entities */ = {
			isa = PBXGroup;
			children = (
				494FD5C2281D58CF00D52BA7 /* Cocktail.swift */,
			);
			path = Entities;
			sourceTree = "<group>";
		};
		494FD5C4281D593700D52BA7 /* Mockers */ = {
			isa = PBXGroup;
			children = (
				494FD5C5281D594A00D52BA7 /* CocktailsGroupMocker.swift */,
				4986E584281E9B49002D9550 /* CocktailCategoriesMocker.swift */,
			);
			path = Mockers;
			sourceTree = "<group>";
		};
		494FD5C7281D635300D52BA7 /* Extensions */ = {
			isa = PBXGroup;
			children = (
				494FD5C8281D637200D52BA7 /* UIView + extensions.swift */,
			);
			path = Extensions;
			sourceTree = "<group>";
		};
		494FD5CA281D699200D52BA7 /* Cells */ = {
			isa = PBXGroup;
			children = (
				494FD5CB281D69A400D52BA7 /* CocktailsListViewCell.swift */,
			);
			path = Cells;
			sourceTree = "<group>";
		};
		4986E586281FEC05002D9550 /* Screens */ = {
			isa = PBXGroup;
			children = (
				4986E587281FEC34002D9550 /* CategoriesFilters */,
				49A766A22819903400186709 /* CocktailsList */,
			);
			path = Screens;
			sourceTree = "<group>";
		};
		4986E587281FEC34002D9550 /* CategoriesFilters */ = {
			isa = PBXGroup;
			children = (
				4986E588281FEC55002D9550 /* CategoriesFiltersFabric.swift */,
				4986E58A281FF25E002D9550 /* CategoriesFiltersRouter.swift */,
				4986E58C281FF26C002D9550 /* CategoriesFiltersInteractor.swift */,
				4986E58E281FF276002D9550 /* CategoriesFiltersPresenter.swift */,
				4986E590281FF282002D9550 /* CategoriesFiltersViewController.swift */,
				4986E592281FF294002D9550 /* CategoriesFiltersView.swift */,
			);
			path = CategoriesFilters;
			sourceTree = "<group>";
		};
		49A766782819856A00186709 = {
			isa = PBXGroup;
			children = (
				49A766832819856A00186709 /* Cocktails */,
				49A766822819856A00186709 /* Products */,
				165F0C3C074F44F504AB3917 /* Pods */,
				BB99E9269C7D8200D8B2C5D0 /* Frameworks */,
			);
			sourceTree = "<group>";
		};
		49A766822819856A00186709 /* Products */ = {
			isa = PBXGroup;
			children = (
				49A766812819856A00186709 /* Cocktails.app */,
			);
			name = Products;
			sourceTree = "<group>";
		};
		49A766832819856A00186709 /* Cocktails */ = {
			isa = PBXGroup;
			children = (
				494FD5CA281D699200D52BA7 /* Cells */,
				494FD5C1281D58B100D52BA7 /* Entities */,
				4986E586281FEC05002D9550 /* Screens */,
				494FD5C7281D635300D52BA7 /* Extensions */,
				494FD5C4281D593700D52BA7 /* Mockers */,
				49A766842819856A00186709 /* AppDelegate.swift */,
				494FD5CE281D869600D52BA7 /* R.generated.swift */,
				49A766862819856A00186709 /* SceneDelegate.swift */,
				49A7668D2819856C00186709 /* Assets.xcassets */,
				49A7668F2819856C00186709 /* LaunchScreen.storyboard */,
				49A766922819856C00186709 /* Info.plist */,
			);
			path = Cocktails;
			sourceTree = "<group>";
		};
		49A766A22819903400186709 /* CocktailsList */ = {
			isa = PBXGroup;
			children = (
				49A766A7281993B400186709 /* CocktailsListFabric.swift */,
				49A766A32819907300186709 /* CocktailsListRouter.swift */,
				49A766AB2819BCD700186709 /* CocktailsListInteractor.swift */,
				49A766A92819958600186709 /* CocktailsListPresenter.swift */,
				49A766A52819922600186709 /* CocktailsListViewController.swift */,
				494FD5BF281D588D00D52BA7 /* CocktailsListView.swift */,
			);
			path = CocktailsList;
			sourceTree = "<group>";
		};
		BB99E9269C7D8200D8B2C5D0 /* Frameworks */ = {
			isa = PBXGroup;
			children = (
				81B922DB56FE2F747E58B7AC /* Pods_Cocktails.framework */,
			);
			name = Frameworks;
			sourceTree = "<group>";
		};
/* End PBXGroup section */

/* Begin PBXNativeTarget section */
		49A766802819856A00186709 /* Cocktails */ = {
			isa = PBXNativeTarget;
			buildConfigurationList = 49A766952819856C00186709 /* Build configuration list for PBXNativeTarget "Cocktails" */;
			buildPhases = (
				26CE88B321BBC8E91FB6A693 /* [CP] Check Pods Manifest.lock */,
				494FD5CD281D84A600D52BA7 /* R_Swift */,
				49A7667D2819856A00186709 /* Sources */,
				49A7667E2819856A00186709 /* Frameworks */,
				49A7667F2819856A00186709 /* Resources */,
				01D0E8549A3144ED1562C94C /* [CP] Embed Pods Frameworks */,
			);
			buildRules = (
			);
			dependencies = (
			);
			name = Cocktails;
			productName = Cocktails;
			productReference = 49A766812819856A00186709 /* Cocktails.app */;
			productType = "com.apple.product-type.application";
		};
/* End PBXNativeTarget section */

/* Begin PBXProject section */
		49A766792819856A00186709 /* Project object */ = {
			isa = PBXProject;
			attributes = {
				BuildIndependentTargetsInParallel = 1;
				LastSwiftUpdateCheck = 1320;
				LastUpgradeCheck = 1320;
				TargetAttributes = {
					49A766802819856A00186709 = {
						CreatedOnToolsVersion = 13.2.1;
					};
				};
			};
			buildConfigurationList = 49A7667C2819856A00186709 /* Build configuration list for PBXProject "Cocktails" */;
			compatibilityVersion = "Xcode 13.0";
			developmentRegion = en;
			hasScannedForEncodings = 0;
			knownRegions = (
				en,
				Base,
			);
			mainGroup = 49A766782819856A00186709;
			productRefGroup = 49A766822819856A00186709 /* Products */;
			projectDirPath = "";
			projectRoot = "";
			targets = (
				49A766802819856A00186709 /* Cocktails */,
			);
		};
/* End PBXProject section */

/* Begin PBXResourcesBuildPhase section */
		49A7667F2819856A00186709 /* Resources */ = {
			isa = PBXResourcesBuildPhase;
			buildActionMask = 2147483647;
			files = (
				49A766912819856C00186709 /* LaunchScreen.storyboard in Resources */,
				49A7668E2819856C00186709 /* Assets.xcassets in Resources */,
			);
			runOnlyForDeploymentPostprocessing = 0;
		};
/* End PBXResourcesBuildPhase section */

/* Begin PBXShellScriptBuildPhase section */
		01D0E8549A3144ED1562C94C /* [CP] Embed Pods Frameworks */ = {
			isa = PBXShellScriptBuildPhase;
			buildActionMask = 2147483647;
			files = (
			);
			inputFileListPaths = (
				"${PODS_ROOT}/Target Support Files/Pods-Cocktails/Pods-Cocktails-frameworks-${CONFIGURATION}-input-files.xcfilelist",
			);
			name = "[CP] Embed Pods Frameworks";
			outputFileListPaths = (
				"${PODS_ROOT}/Target Support Files/Pods-Cocktails/Pods-Cocktails-frameworks-${CONFIGURATION}-output-files.xcfilelist",
			);
			runOnlyForDeploymentPostprocessing = 0;
			shellPath = /bin/sh;
			shellScript = "\"${PODS_ROOT}/Target Support Files/Pods-Cocktails/Pods-Cocktails-frameworks.sh\"\n";
			showEnvVarsInLog = 0;
		};
		26CE88B321BBC8E91FB6A693 /* [CP] Check Pods Manifest.lock */ = {
			isa = PBXShellScriptBuildPhase;
			buildActionMask = 2147483647;
			files = (
			);
			inputFileListPaths = (
			);
			inputPaths = (
				"${PODS_PODFILE_DIR_PATH}/Podfile.lock",
				"${PODS_ROOT}/Manifest.lock",
			);
			name = "[CP] Check Pods Manifest.lock";
			outputFileListPaths = (
			);
			outputPaths = (
				"$(DERIVED_FILE_DIR)/Pods-Cocktails-checkManifestLockResult.txt",
			);
			runOnlyForDeploymentPostprocessing = 0;
			shellPath = /bin/sh;
			shellScript = "diff \"${PODS_PODFILE_DIR_PATH}/Podfile.lock\" \"${PODS_ROOT}/Manifest.lock\" > /dev/null\nif [ $? != 0 ] ; then\n    # print error to STDERR\n    echo \"error: The sandbox is not in sync with the Podfile.lock. Run 'pod install' or update your CocoaPods installation.\" >&2\n    exit 1\nfi\n# This output is used by Xcode 'outputs' to avoid re-running this script phase.\necho \"SUCCESS\" > \"${SCRIPT_OUTPUT_FILE_0}\"\n";
			showEnvVarsInLog = 0;
		};
		494FD5CD281D84A600D52BA7 /* R_Swift */ = {
			isa = PBXShellScriptBuildPhase;
			alwaysOutOfDate = 1;
			buildActionMask = 2147483647;
			files = (
			);
			inputFileListPaths = (
			);
			inputPaths = (
			);
			name = R_Swift;
			outputFileListPaths = (
			);
			outputPaths = (
				$SRCROOT/Cocktails/R.generated.swift,
			);
			runOnlyForDeploymentPostprocessing = 0;
			shellPath = /bin/sh;
			shellScript = "\"$PODS_ROOT/R.swift/rswift\" generate \"$SRCROOT/Cocktails/R.generated.swift\"\n";
		};
/* End PBXShellScriptBuildPhase section */

/* Begin PBXSourcesBuildPhase section */
		49A7667D2819856A00186709 /* Sources */ = {
			isa = PBXSourcesBuildPhase;
			buildActionMask = 2147483647;
			files = (
				494FD5C9281D637200D52BA7 /* UIView + extensions.swift in Sources */,
				49A766A62819922600186709 /* CocktailsListViewController.swift in Sources */,
				494FD5CC281D69A400D52BA7 /* CocktailsListViewCell.swift in Sources */,
				49A766A8281993B400186709 /* CocktailsListFabric.swift in Sources */,
				4986E593281FF294002D9550 /* CategoriesFiltersView.swift in Sources */,
				494FD5C6281D594A00D52BA7 /* CocktailsGroupMocker.swift in Sources */,
				4986E58D281FF26C002D9550 /* CategoriesFiltersInteractor.swift in Sources */,
				494FD5C3281D58CF00D52BA7 /* Cocktail.swift in Sources */,
				494FD5CF281D869600D52BA7 /* R.generated.swift in Sources */,
				4986E58F281FF276002D9550 /* CategoriesFiltersPresenter.swift in Sources */,
				49A766A42819907300186709 /* CocktailsListRouter.swift in Sources */,
				4986E58B281FF25E002D9550 /* CategoriesFiltersRouter.swift in Sources */,
				4986E585281E9B49002D9550 /* CocktailCategoriesMocker.swift in Sources */,
				49A766852819856A00186709 /* AppDelegate.swift in Sources */,
				49A766AA2819958600186709 /* CocktailsListPresenter.swift in Sources */,
				49A766AC2819BCD700186709 /* CocktailsListInteractor.swift in Sources */,
				4986E591281FF282002D9550 /* CategoriesFiltersViewController.swift in Sources */,
				494FD5C0281D588D00D52BA7 /* CocktailsListView.swift in Sources */,
				49A766872819856A00186709 /* SceneDelegate.swift in Sources */,
				4986E589281FEC55002D9550 /* CategoriesFiltersFabric.swift in Sources */,
			);
			runOnlyForDeploymentPostprocessing = 0;
		};
/* End PBXSourcesBuildPhase section */

/* Begin PBXVariantGroup section */
		49A7668F2819856C00186709 /* LaunchScreen.storyboard */ = {
			isa = PBXVariantGroup;
			children = (
				49A766902819856C00186709 /* Base */,
			);
			name = LaunchScreen.storyboard;
			sourceTree = "<group>";
		};
/* End PBXVariantGroup section */

/* Begin XCBuildConfiguration section */
		49A766932819856C00186709 /* Debug */ = {
			isa = XCBuildConfiguration;
			buildSettings = {
				ALWAYS_SEARCH_USER_PATHS = NO;
				CLANG_ANALYZER_NONNULL = YES;
				CLANG_ANALYZER_NUMBER_OBJECT_CONVERSION = YES_AGGRESSIVE;
				CLANG_CXX_LANGUAGE_STANDARD = "gnu++17";
				CLANG_CXX_LIBRARY = "libc++";
				CLANG_ENABLE_MODULES = YES;
				CLANG_ENABLE_OBJC_ARC = YES;
				CLANG_ENABLE_OBJC_WEAK = YES;
				CLANG_WARN_BLOCK_CAPTURE_AUTORELEASING = YES;
				CLANG_WARN_BOOL_CONVERSION = YES;
				CLANG_WARN_COMMA = YES;
				CLANG_WARN_CONSTANT_CONVERSION = YES;
				CLANG_WARN_DEPRECATED_OBJC_IMPLEMENTATIONS = YES;
				CLANG_WARN_DIRECT_OBJC_ISA_USAGE = YES_ERROR;
				CLANG_WARN_DOCUMENTATION_COMMENTS = YES;
				CLANG_WARN_EMPTY_BODY = YES;
				CLANG_WARN_ENUM_CONVERSION = YES;
				CLANG_WARN_INFINITE_RECURSION = YES;
				CLANG_WARN_INT_CONVERSION = YES;
				CLANG_WARN_NON_LITERAL_NULL_CONVERSION = YES;
				CLANG_WARN_OBJC_IMPLICIT_RETAIN_SELF = YES;
				CLANG_WARN_OBJC_LITERAL_CONVERSION = YES;
				CLANG_WARN_OBJC_ROOT_CLASS = YES_ERROR;
				CLANG_WARN_QUOTED_INCLUDE_IN_FRAMEWORK_HEADER = YES;
				CLANG_WARN_RANGE_LOOP_ANALYSIS = YES;
				CLANG_WARN_STRICT_PROTOTYPES = YES;
				CLANG_WARN_SUSPICIOUS_MOVE = YES;
				CLANG_WARN_UNGUARDED_AVAILABILITY = YES_AGGRESSIVE;
				CLANG_WARN_UNREACHABLE_CODE = YES;
				CLANG_WARN__DUPLICATE_METHOD_MATCH = YES;
				COPY_PHASE_STRIP = NO;
				DEBUG_INFORMATION_FORMAT = dwarf;
				ENABLE_STRICT_OBJC_MSGSEND = YES;
				ENABLE_TESTABILITY = YES;
				GCC_C_LANGUAGE_STANDARD = gnu11;
				GCC_DYNAMIC_NO_PIC = NO;
				GCC_NO_COMMON_BLOCKS = YES;
				GCC_OPTIMIZATION_LEVEL = 0;
				GCC_PREPROCESSOR_DEFINITIONS = (
					"DEBUG=1",
					"$(inherited)",
				);
				GCC_WARN_64_TO_32_BIT_CONVERSION = YES;
				GCC_WARN_ABOUT_RETURN_TYPE = YES_ERROR;
				GCC_WARN_UNDECLARED_SELECTOR = YES;
				GCC_WARN_UNINITIALIZED_AUTOS = YES_AGGRESSIVE;
				GCC_WARN_UNUSED_FUNCTION = YES;
				GCC_WARN_UNUSED_VARIABLE = YES;
				IPHONEOS_DEPLOYMENT_TARGET = 15.2;
				MTL_ENABLE_DEBUG_INFO = INCLUDE_SOURCE;
				MTL_FAST_MATH = YES;
				ONLY_ACTIVE_ARCH = YES;
				SDKROOT = iphoneos;
				SWIFT_ACTIVE_COMPILATION_CONDITIONS = DEBUG;
				SWIFT_OPTIMIZATION_LEVEL = "-Onone";
			};
			name = Debug;
		};
		49A766942819856C00186709 /* Release */ = {
			isa = XCBuildConfiguration;
			buildSettings = {
				ALWAYS_SEARCH_USER_PATHS = NO;
				CLANG_ANALYZER_NONNULL = YES;
				CLANG_ANALYZER_NUMBER_OBJECT_CONVERSION = YES_AGGRESSIVE;
				CLANG_CXX_LANGUAGE_STANDARD = "gnu++17";
				CLANG_CXX_LIBRARY = "libc++";
				CLANG_ENABLE_MODULES = YES;
				CLANG_ENABLE_OBJC_ARC = YES;
				CLANG_ENABLE_OBJC_WEAK = YES;
				CLANG_WARN_BLOCK_CAPTURE_AUTORELEASING = YES;
				CLANG_WARN_BOOL_CONVERSION = YES;
				CLANG_WARN_COMMA = YES;
				CLANG_WARN_CONSTANT_CONVERSION = YES;
				CLANG_WARN_DEPRECATED_OBJC_IMPLEMENTATIONS = YES;
				CLANG_WARN_DIRECT_OBJC_ISA_USAGE = YES_ERROR;
				CLANG_WARN_DOCUMENTATION_COMMENTS = YES;
				CLANG_WARN_EMPTY_BODY = YES;
				CLANG_WARN_ENUM_CONVERSION = YES;
				CLANG_WARN_INFINITE_RECURSION = YES;
				CLANG_WARN_INT_CONVERSION = YES;
				CLANG_WARN_NON_LITERAL_NULL_CONVERSION = YES;
				CLANG_WARN_OBJC_IMPLICIT_RETAIN_SELF = YES;
				CLANG_WARN_OBJC_LITERAL_CONVERSION = YES;
				CLANG_WARN_OBJC_ROOT_CLASS = YES_ERROR;
				CLANG_WARN_QUOTED_INCLUDE_IN_FRAMEWORK_HEADER = YES;
				CLANG_WARN_RANGE_LOOP_ANALYSIS = YES;
				CLANG_WARN_STRICT_PROTOTYPES = YES;
				CLANG_WARN_SUSPICIOUS_MOVE = YES;
				CLANG_WARN_UNGUARDED_AVAILABILITY = YES_AGGRESSIVE;
				CLANG_WARN_UNREACHABLE_CODE = YES;
				CLANG_WARN__DUPLICATE_METHOD_MATCH = YES;
				COPY_PHASE_STRIP = NO;
				DEBUG_INFORMATION_FORMAT = "dwarf-with-dsym";
				ENABLE_NS_ASSERTIONS = NO;
				ENABLE_STRICT_OBJC_MSGSEND = YES;
				GCC_C_LANGUAGE_STANDARD = gnu11;
				GCC_NO_COMMON_BLOCKS = YES;
				GCC_WARN_64_TO_32_BIT_CONVERSION = YES;
				GCC_WARN_ABOUT_RETURN_TYPE = YES_ERROR;
				GCC_WARN_UNDECLARED_SELECTOR = YES;
				GCC_WARN_UNINITIALIZED_AUTOS = YES_AGGRESSIVE;
				GCC_WARN_UNUSED_FUNCTION = YES;
				GCC_WARN_UNUSED_VARIABLE = YES;
				IPHONEOS_DEPLOYMENT_TARGET = 15.2;
				MTL_ENABLE_DEBUG_INFO = NO;
				MTL_FAST_MATH = YES;
				SDKROOT = iphoneos;
				SWIFT_COMPILATION_MODE = wholemodule;
				SWIFT_OPTIMIZATION_LEVEL = "-O";
				VALIDATE_PRODUCT = YES;
			};
			name = Release;
		};
		49A766962819856C00186709 /* Debug */ = {
			isa = XCBuildConfiguration;
			baseConfigurationReference = 70825BC88B74A9B9D291ABD5 /* Pods-Cocktails.debug.xcconfig */;
			buildSettings = {
				ASSETCATALOG_COMPILER_APPICON_NAME = AppIcon;
				ASSETCATALOG_COMPILER_GLOBAL_ACCENT_COLOR_NAME = AccentColor;
				CODE_SIGN_STYLE = Automatic;
				CURRENT_PROJECT_VERSION = 1;
				DEVELOPMENT_TEAM = S38P5JT3P8;
				GENERATE_INFOPLIST_FILE = YES;
				INFOPLIST_FILE = Cocktails/Info.plist;
				INFOPLIST_KEY_UIApplicationSupportsIndirectInputEvents = YES;
				INFOPLIST_KEY_UILaunchStoryboardName = LaunchScreen;
				INFOPLIST_KEY_UISupportedInterfaceOrientations = UIInterfaceOrientationPortrait;
				INFOPLIST_KEY_UISupportedInterfaceOrientations_iPad = "UIInterfaceOrientationPortrait UIInterfaceOrientationPortraitUpsideDown UIInterfaceOrientationLandscapeLeft UIInterfaceOrientationLandscapeRight";
				INFOPLIST_KEY_UISupportedInterfaceOrientations_iPhone = "UIInterfaceOrientationPortrait UIInterfaceOrientationLandscapeLeft UIInterfaceOrientationLandscapeRight";
				IPHONEOS_DEPLOYMENT_TARGET = 13.0;
				LD_RUNPATH_SEARCH_PATHS = (
					"$(inherited)",
					"@executable_path/Frameworks",
				);
				MARKETING_VERSION = 1.0;
				PRODUCT_BUNDLE_IDENTIFIER = AraAraCompany.Cocktails;
				PRODUCT_NAME = "$(TARGET_NAME)";
				SWIFT_EMIT_LOC_STRINGS = YES;
				SWIFT_VERSION = 5.0;
				TARGETED_DEVICE_FAMILY = "1,2";
			};
			name = Debug;
		};
		49A766972819856C00186709 /* Release */ = {
			isa = XCBuildConfiguration;
			baseConfigurationReference = D9558695656BB46A47C69FAE /* Pods-Cocktails.release.xcconfig */;
			buildSettings = {
				ASSETCATALOG_COMPILER_APPICON_NAME = AppIcon;
				ASSETCATALOG_COMPILER_GLOBAL_ACCENT_COLOR_NAME = AccentColor;
				CODE_SIGN_STYLE = Automatic;
				CURRENT_PROJECT_VERSION = 1;
				DEVELOPMENT_TEAM = S38P5JT3P8;
				GENERATE_INFOPLIST_FILE = YES;
				INFOPLIST_FILE = Cocktails/Info.plist;
				INFOPLIST_KEY_UIApplicationSupportsIndirectInputEvents = YES;
				INFOPLIST_KEY_UILaunchStoryboardName = LaunchScreen;
				INFOPLIST_KEY_UISupportedInterfaceOrientations = UIInterfaceOrientationPortrait;
				INFOPLIST_KEY_UISupportedInterfaceOrientations_iPad = "UIInterfaceOrientationPortrait UIInterfaceOrientationPortraitUpsideDown UIInterfaceOrientationLandscapeLeft UIInterfaceOrientationLandscapeRight";
				INFOPLIST_KEY_UISupportedInterfaceOrientations_iPhone = "UIInterfaceOrientationPortrait UIInterfaceOrientationLandscapeLeft UIInterfaceOrientationLandscapeRight";
				IPHONEOS_DEPLOYMENT_TARGET = 13.0;
				LD_RUNPATH_SEARCH_PATHS = (
					"$(inherited)",
					"@executable_path/Frameworks",
				);
				MARKETING_VERSION = 1.0;
				PRODUCT_BUNDLE_IDENTIFIER = AraAraCompany.Cocktails;
				PRODUCT_NAME = "$(TARGET_NAME)";
				SWIFT_EMIT_LOC_STRINGS = YES;
				SWIFT_VERSION = 5.0;
				TARGETED_DEVICE_FAMILY = "1,2";
			};
			name = Release;
		};
/* End XCBuildConfiguration section */

/* Begin XCConfigurationList section */
		49A7667C2819856A00186709 /* Build configuration list for PBXProject "Cocktails" */ = {
			isa = XCConfigurationList;
			buildConfigurations = (
				49A766932819856C00186709 /* Debug */,
				49A766942819856C00186709 /* Release */,
			);
			defaultConfigurationIsVisible = 0;
			defaultConfigurationName = Release;
		};
		49A766952819856C00186709 /* Build configuration list for PBXNativeTarget "Cocktails" */ = {
			isa = XCConfigurationList;
			buildConfigurations = (
				49A766962819856C00186709 /* Debug */,
				49A766972819856C00186709 /* Release */,
			);
			defaultConfigurationIsVisible = 0;
			defaultConfigurationName = Release;
		};
/* End XCConfigurationList section */
	};
	rootObject = 49A766792819856A00186709 /* Project object */;
}
